
Microsoft Visual Studio Solution File, Format Version 12.00
# Visual Studio Version 17
VisualStudioVersion = 17.3.32804.467
MinimumVisualStudioVersion = 10.0.40219.1
Project("{9A19103F-16F7-4668-BE54-9A1E7A4F7556}") = "TrackerLibrary", "TrackerLibrary\TrackerLibrary.csproj", "{B7119B25-7103-4579-A79A-F930BF5343BF}"
EndProject
Project("{FAE04EC0-301F-11D3-BF4B-00C04F79EFBC}") = "TournamentTrackerUI", "TournamentTrackerUI\TournamentTrackerUI.csproj", "{3E54C7D8-F8BF-45E2-B77F-33159DFD707D}"
EndProject
Global
	GlobalSection(SolutionConfigurationPlatforms) = preSolution
		Debug|Any CPU = Debug|Any CPU
		Release|Any CPU = Release|Any CPU
	EndGlobalSection
	GlobalSection(ProjectConfigurationPlatforms) = postSolution
		{B7119B25-7103-4579-A79A-F930BF5343BF}.Debug|Any CPU.ActiveCfg = Debug|Any CPU
		{B7119B25-7103-4579-A79A-F930BF5343BF}.Debug|Any CPU.Build.0 = Debug|Any CPU
		{B7119B25-7103-4579-A79A-F930BF5343BF}.Release|Any CPU.ActiveCfg = Release|Any CPU
		{B7119B25-7103-4579-A79A-F930BF5343BF}.Release|Any CPU.Build.0 = Release|Any CPU
		{3E54C7D8-F8BF-45E2-B77F-33159DFD707D}.Debug|Any CPU.ActiveCfg = Debug|Any CPU
		{3E54C7D8-F8BF-45E2-B77F-33159DFD707D}.Debug|Any CPU.Build.0 = Debug|Any CPU
		{3E54C7D8-F8BF-45E2-B77F-33159DFD707D}.Release|Any CPU.ActiveCfg = Release|Any CPU
		{3E54C7D8-F8BF-45E2-B77F-33159DFD707D}.Release|Any CPU.Build.0 = Release|Any CPU
	EndGlobalSection
	GlobalSection(SolutionProperties) = preSolution
		HideSolutionNode = FALSE
	EndGlobalSection
	GlobalSection(ExtensibilityGlobals) = postSolution
		SolutionGuid = {B44E9A3A-9578-454E-A2E6-7A432B8FE339}
	EndGlobalSection
EndGlobal
